Microsoft Visual Studio Solution File, Format Version 12.00
# Visual Studio Version 17
VisualStudioVersion = 17.5.2.0
MinimumVisualStudioVersion = 10.0.40219.1
Project("{FAE04EC0-301F-11D3-BF4B-00C04F79EFBC}") = "YamlGen", "YamlGen.csproj", "{8E605D07-5C72-F18E-88DB-A23F1A6FE844}"
EndProject
Global
	GlobalSection(SolutionConfigurationPlatforms) = preSolution
		Debug|Any CPU = Debug|Any CPU
		Release|Any CPU = Release|Any CPU
	EndGlobalSection
	GlobalSection(ProjectConfigurationPlatforms) = postSolution
		{8E605D07-5C72-F18E-88DB-A23F1A6FE844}.Debug|Any CPU.ActiveCfg = Debug|Any CPU
		{8E605D07-5C72-F18E-88DB-A23F1A6FE844}.Debug|Any CPU.Build.0 = Debug|Any CPU
		{8E605D07-5C72-F18E-88DB-A23F1A6FE844}.Release|Any CPU.ActiveCfg = Release|Any CPU
		{8E605D07-5C72-F18E-88DB-A23F1A6FE844}.Release|Any CPU.Build.0 = Release|Any CPU
	EndGlobalSection
	GlobalSection(SolutionProperties) = preSolution
		HideSolutionNode = FALSE
	EndGlobalSection
	GlobalSection(ExtensibilityGlobals) = postSolution
		SolutionGuid = {70200EAA-8D71-43D0-9AB4-D5F1B3F29331}
	EndGlobalSection
EndGlobal
